
Microsoft Visual Studio Solution File, Format Version 12.00
# Visual Studio 15
VisualStudioVersion = 15.0.27428.2027
MinimumVisualStudioVersion = 10.0.40219.1
Project("{FAE04EC0-301F-11D3-BF4B-00C04F79EFBC}") = "AmbientLights", "AmbientLights.csproj", "{91BAE7A1-1E22-4FD2-A508-294CD0EF51CF}"
EndProject
Global
	GlobalSection(SolutionConfigurationPlatforms) = preSolution
		Debug|Any CPU = Debug|Any CPU
		Release|Any CPU = Release|Any CPU
	EndGlobalSection
	GlobalSection(ProjectConfigurationPlatforms) = postSolution
		{91BAE7A1-1E22-4FD2-A508-294CD0EF51CF}.Debug|Any CPU.ActiveCfg = Debug|Any CPU
		{91BAE7A1-1E22-4FD2-A508-294CD0EF51CF}.Debug|Any CPU.Build.0 = Debug|Any CPU
		{91BAE7A1-1E22-4FD2-A508-294CD0EF51CF}.Release|Any CPU.ActiveCfg = Release|Any CPU
		{91BAE7A1-1E22-4FD2-A508-294CD0EF51CF}.Release|Any CPU.Build.0 = Release|Any CPU
	EndGlobalSection
	GlobalSection(SolutionProperties) = preSolution
		HideSolutionNode = FALSE
	EndGlobalSection
	GlobalSection(ExtensibilityGlobals) = postSolution
		SolutionGuid = {82281F92-18C9-445D-A544-C8286AE20C77}
	EndGlobalSection
EndGlobal
